// !$*UTF8*$!
{
	archiveVersion = 1;
	classes = {
	};
	objectVersion = 46;
	objects = {

/* Begin PBXBuildFile section */
		98FF9BBA1D9310A0004DCDA6 /* AppDelegate.swift in Sources */ = {isa = PBXBuildFile; fileRef = 98FF9BB91D9310A0004DCDA6 /* AppDelegate.swift */; };
		98FF9BBC1D9310A0004DCDA6 /* TipViewController.swift in Sources */ = {isa = PBXBuildFile; fileRef = 98FF9BBB1D9310A0004DCDA6 /* TipViewController.swift */; };
		98FF9BBF1D9310A0004DCDA6 /* Main.storyboard in Resources */ = {isa = PBXBuildFile; fileRef = 98FF9BBD1D9310A0004DCDA6 /* Main.storyboard */; };
		98FF9BC11D9310A0004DCDA6 /* Assets.xcassets in Resources */ = {isa = PBXBuildFile; fileRef = 98FF9BC01D9310A0004DCDA6 /* Assets.xcassets */; };
		98FF9BC41D9310A0004DCDA6 /* LaunchScreen.storyboard in Resources */ = {isa = PBXBuildFile; fileRef = 98FF9BC21D9310A0004DCDA6 /* LaunchScreen.storyboard */; };
		98FF9BCF1D9310A0004DCDA6 /* TipCalculatorTests.swift in Sources */ = {isa = PBXBuildFile; fileRef = 98FF9BCE1D9310A0004DCDA6 /* TipCalculatorTests.swift */; };
		98FF9BDA1D9310A0004DCDA6 /* TipCalculatorUITests.swift in Sources */ = {isa = PBXBuildFile; fileRef = 98FF9BD91D9310A0004DCDA6 /* TipCalculatorUITests.swift */; };
		98FF9BE81D95DF47004DCDA6 /* SettingsViewController.swift in Sources */ = {isa = PBXBuildFile; fileRef = 98FF9BE71D95DF47004DCDA6 /* SettingsViewController.swift */; settings = {ASSET_TAGS = (); }; };
/* End PBXBuildFile section */

/* Begin PBXContainerItemProxy section */
		98FF9BCB1D9310A0004DCDA6 /* PBXContainerItemProxy */ = {
			isa = PBXContainerItemProxy;
			containerPortal = 98FF9BAE1D9310A0004DCDA6 /* Project object */;
			proxyType = 1;
			remoteGlobalIDString = 98FF9BB51D9310A0004DCDA6;
			remoteInfo = TipCalculator;
		};
		98FF9BD61D9310A0004DCDA6 /* PBXContainerItemProxy */ = {
			isa = PBXContainerItemProxy;
			containerPortal = 98FF9BAE1D9310A0004DCDA6 /* Project object */;
			proxyType = 1;
			remoteGlobalIDString = 98FF9BB51D9310A0004DCDA6;
			remoteInfo = TipCalculator;
		};
/* End PBXContainerItemProxy section */

/* Begin PBXFileReference section */
		98FF9BB61D9310A0004DCDA6 /* TipCalculator.app */ = {isa = PBXFileReference; explicitFileType = wrapper.application; includeInIndex = 0; path = TipCalculator.app; sourceTree = BUILT_PRODUCTS_DIR; };
		98FF9BB91D9310A0004DCDA6 /* AppDelegate.swift */ = {isa = PBXFileReference; lastKnownFileType = sourcecode.swift; path = AppDelegate.swift; sourceTree = "<group>"; };
		98FF9BBB1D9310A0004DCDA6 /* TipViewController.swift */ = {isa = PBXFileReference; lastKnownFileType = sourcecode.swift; path = TipViewController.swift; sourceTree = "<group>"; };
		98FF9BBE1D9310A0004DCDA6 /* Base */ = {isa = PBXFileReference; lastKnownFileType = file.storyboard; name = Base; path = Base.lproj/Main.storyboard; sourceTree = "<group>"; };
		98FF9BC01D9310A0004DCDA6 /* Assets.xcassets */ = {isa = PBXFileReference; lastKnownFileType = folder.assetcatalog; path = Assets.xcassets; sourceTree = "<group>"; };
		98FF9BC31D9310A0004DCDA6 /* Base */ = {isa = PBXFileReference; lastKnownFileType = file.storyboard; name = Base; path = Base.lproj/LaunchScreen.storyboard; sourceTree = "<group>"; };
		98FF9BC51D9310A0004DCDA6 /* Info.plist */ = {isa = PBXFileReference; lastKnownFileType = text.plist.xml; path = Info.plist; sourceTree = "<group>"; };
		98FF9BCA1D9310A0004DCDA6 /* TipCalculatorTests.xctest */ = {isa = PBXFileReference; explicitFileType = wrapper.cfbundle; includeInIndex = 0; path = TipCalculatorTests.xctest; sourceTree = BUILT_PRODUCTS_DIR; };
		98FF9BCE1D9310A0004DCDA6 /* TipCalculatorTests.swift */ = {isa = PBXFileReference; lastKnownFileType = sourcecode.swift; path = TipCalculatorTests.swift; sourceTree = "<group>"; };
		98FF9BD01D9310A0004DCDA6 /* Info.plist */ = {isa = PBXFileReference; lastKnownFileType = text.plist.xml; path = Info.plist; sourceTree = "<group>"; };
		98FF9BD51D9310A0004DCDA6 /* TipCalculatorUITests.xctest */ = {isa = PBXFileReference; explicitFileType = wrapper.cfbundle; includeInIndex = 0; path = TipCalculatorUITests.xctest; sourceTree = BUILT_PRODUCTS_DIR; };
		98FF9BD91D9310A0004DCDA6 /* TipCalculatorUITests.swift */ = {isa = PBXFileReference; lastKnownFileType = sourcecode.swift; path = TipCalculatorUITests.swift; sourceTree = "<group>"; };
		98FF9BDB1D9310A0004DCDA6 /* Info.plist */ = {isa = PBXFileReference; lastKnownFileType = text.plist.xml; path = Info.plist; sourceTree = "<group>"; };
		98FF9BE71D95DF47004DCDA6 /* SettingsViewController.swift */ = {isa = PBXFileReference; fileEncoding = 4; lastKnownFileType = sourcecode.swift; path = SettingsViewController.swift; sourceTree = "<group>"; };
/* End PBXFileReference section */

/* Begin PBXFrameworksBuildPhase section */
		98FF9BB31D9310A0004DCDA6 /* Frameworks */ = {
			isa = PBXFrameworksBuildPhase;
			buildActionMask = 2147483647;
			files = (
			);
			runOnlyForDeploymentPostprocessing = 0;
		};
		98FF9BC71D9310A0004DCDA6 /* Frameworks */ = {
			isa = PBXFrameworksBuildPhase;
			buildActionMask = 2147483647;
			files = (
			);
			runOnlyForDeploymentPostprocessing = 0;
		};
		98FF9BD21D9310A0004DCDA6 /* Frameworks */ = {
			isa = PBXFrameworksBuildPhase;
			buildActionMask = 2147483647;
			files = (
			);
			runOnlyForDeploymentPostprocessing = 0;
		};
/* End PBXFrameworksBuildPhase section */

/* Begin PBXGroup section */
		98FF9BAD1D9310A0004DCDA6 = {
			isa = PBXGroup;
			children = (
				98FF9BB81D9310A0004DCDA6 /* TipCalculator */,
				98FF9BCD1D9310A0004DCDA6 /* TipCalculatorTests */,
				98FF9BD81D9310A0004DCDA6 /* TipCalculatorUITests */,
				98FF9BB71D9310A0004DCDA6 /* Products */,
			);
			sourceTree = "<group>";
		};
		98FF9BB71D9310A0004DCDA6 /* Products */ = {
			isa = PBXGroup;
			children = (
				98FF9BB61D9310A0004DCDA6 /* TipCalculator.app */,
				98FF9BCA1D9310A0004DCDA6 /* TipCalculatorTests.xctest */,
				98FF9BD51D9310A0004DCDA6 /* TipCalculatorUITests.xctest */,
			);
			name = Products;
			sourceTree = "<group>";
		};
		98FF9BB81D9310A0004DCDA6 /* TipCalculator */ = {
			isa = PBXGroup;
			children = (
				98FF9BB91D9310A0004DCDA6 /* AppDelegate.swift */,
				98FF9BBB1D9310A0004DCDA6 /* TipViewController.swift */,
				98FF9BBD1D9310A0004DCDA6 /* Main.storyboard */,
				98FF9BE71D95DF47004DCDA6 /* SettingsViewController.swift */,
				98FF9BC01D9310A0004DCDA6 /* Assets.xcassets */,
				98FF9BC21D9310A0004DCDA6 /* LaunchScreen.storyboard */,
				98FF9BC51D9310A0004DCDA6 /* Info.plist */,
			);
			path = TipCalculator;
			sourceTree = "<group>";
		};
		98FF9BCD1D9310A0004DCDA6 /* TipCalculatorTests */ = {
			isa = PBXGroup;
			children = (
				98FF9BCE1D9310A0004DCDA6 /* TipCalculatorTests.swift */,
				98FF9BD01D9310A0004DCDA6 /* Info.plist */,
			);
			path = TipCalculatorTests;
			sourceTree = "<group>";
		};
		98FF9BD81D9310A0004DCDA6 /* TipCalculatorUITests */ = {
			isa = PBXGroup;
			children = (
				98FF9BD91D9310A0004DCDA6 /* TipCalculatorUITests.swift */,
				98FF9BDB1D9310A0004DCDA6 /* Info.plist */,
			);
			path = TipCalculatorUITests;
			sourceTree = "<group>";
		};
/* End PBXGroup section */

/* Begin PBXNativeTarget section */
		98FF9BB51D9310A0004DCDA6 /* TipCalculator */ = {
			isa = PBXNativeTarget;
			buildConfigurationList = 98FF9BDE1D9310A0004DCDA6 /* Build configuration list for PBXNativeTarget "TipCalculator" */;
			buildPhases = (
				98FF9BB21D9310A0004DCDA6 /* Sources */,
				98FF9BB31D9310A0004DCDA6 /* Frameworks */,
				98FF9BB41D9310A0004DCDA6 /* Resources */,
			);
			buildRules = (
			);
			dependencies = (
			);
			name = TipCalculator;
			productName = TipCalculator;
			productReference = 98FF9BB61D9310A0004DCDA6 /* TipCalculator.app */;
			productType = "com.apple.product-type.application";
		};
		98FF9BC91D9310A0004DCDA6 /* TipCalculatorTests */ = {
			isa = PBXNativeTarget;
			buildConfigurationList = 98FF9BE11D9310A0004DCDA6 /* Build configuration list for PBXNativeTarget "TipCalculatorTests" */;
			buildPhases = (
				98FF9BC61D9310A0004DCDA6 /* Sources */,
				98FF9BC71D9310A0004DCDA6 /* Frameworks */,
				98FF9BC81D9310A0004DCDA6 /* Resources */,
			);
			buildRules = (
			);
			dependencies = (
				98FF9BCC1D9310A0004DCDA6 /* PBXTargetDependency */,
			);
			name = TipCalculatorTests;
			productName = TipCalculatorTests;
			productReference = 98FF9BCA1D9310A0004DCDA6 /* TipCalculatorTests.xctest */;
			productType = "com.apple.product-type.bundle.unit-test";
		};
		98FF9BD41D9310A0004DCDA6 /* TipCalculatorUITests */ = {
			isa = PBXNativeTarget;
			buildConfigurationList = 98FF9BE41D9310A0004DCDA6 /* Build configuration list for PBXNativeTarget "TipCalculatorUITests" */;
			buildPhases = (
				98FF9BD11D9310A0004DCDA6 /* Sources */,
				98FF9BD21D9310A0004DCDA6 /* Frameworks */,
				98FF9BD31D9310A0004DCDA6 /* Resources */,
			);
			buildRules = (
			);
			dependencies = (
				98FF9BD71D9310A0004DCDA6 /* PBXTargetDependency */,
			);
			name = TipCalculatorUITests;
			productName = TipCalculatorUITests;
			productReference = 98FF9BD51D9310A0004DCDA6 /* TipCalculatorUITests.xctest */;
			productType = "com.apple.product-type.bundle.ui-testing";
		};
/* End PBXNativeTarget section */

/* Begin PBXProject section */
		98FF9BAE1D9310A0004DCDA6 /* Project object */ = {
			isa = PBXProject;
			attributes = {
				LastUpgradeCheck = 0700;
				ORGANIZATIONNAME = "Ruchi Agrawal";
				TargetAttributes = {
					98FF9BB51D9310A0004DCDA6 = {
						CreatedOnToolsVersion = 7.0.1;
						DevelopmentTeam = DDLCN89DWY;
					};
					98FF9BC91D9310A0004DCDA6 = {
						CreatedOnToolsVersion = 7.0.1;
						TestTargetID = 98FF9BB51D9310A0004DCDA6;
					};
					98FF9BD41D9310A0004DCDA6 = {
						CreatedOnToolsVersion = 7.0.1;
						TestTargetID = 98FF9BB51D9310A0004DCDA6;
					};
				};
			};
			buildConfigurationList = 98FF9BB11D9310A0004DCDA6 /* Build configuration list for PBXProject "TipCalculator" */;
			compatibilityVersion = "Xcode 3.2";
			developmentRegion = English;
			hasScannedForEncodings = 0;
			knownRegions = (
				en,
				Base,
			);
			mainGroup = 98FF9BAD1D9310A0004DCDA6;
			productRefGroup = 98FF9BB71D9310A0004DCDA6 /* Products */;
			projectDirPath = "";
			projectRoot = "";
			targets = (
				98FF9BB51D9310A0004DCDA6 /* TipCalculator */,
				98FF9BC91D9310A0004DCDA6 /* TipCalculatorTests */,
				98FF9BD41D9310A0004DCDA6 /* TipCalculatorUITests */,
			);
		};
/* End PBXProject section */

/* Begin PBXResourcesBuildPhase section */
		98FF9BB41D9310A0004DCDA6 /* Resources */ = {
			isa = PBXResourcesBuildPhase;
			buildActionMask = 2147483647;
			files = (
				98FF9BC41D9310A0004DCDA6 /* LaunchScreen.storyboard in Resources */,
				98FF9BC11D9310A0004DCDA6 /* Assets.xcassets in Resources */,
				98FF9BBF1D9310A0004DCDA6 /* Main.storyboard in Resources */,
			);
			runOnlyForDeploymentPostprocessing = 0;
		};
		98FF9BC81D9310A0004DCDA6 /* Resources */ = {
			isa = PBXResourcesBuildPhase;
			buildActionMask = 2147483647;
			files = (
			);
			runOnlyForDeploymentPostprocessing = 0;
		};
		98FF9BD31D9310A0004DCDA6 /* Resources */ = {
			isa = PBXResourcesBuildPhase;
			buildActionMask = 2147483647;
			files = (
			);
			runOnlyForDeploymentPostprocessing = 0;
		};
/* End PBXResourcesBuildPhase section */

/* Begin PBXSourcesBuildPhase section */
		98FF9BB21D9310A0004DCDA6 /* Sources */ = {
			isa = PBXSourcesBuildPhase;
			buildActionMask = 2147483647;
			files = (
				98FF9BBC1D9310A0004DCDA6 /* TipViewController.swift in Sources */,
				98FF9BBA1D9310A0004DCDA6 /* AppDelegate.swift in Sources */,
				98FF9BE81D95DF47004DCDA6 /* SettingsViewController.swift in Sources */,
			);
			runOnlyForDeploymentPostprocessing = 0;
		};
		98FF9BC61D9310A0004DCDA6 /* Sources */ = {
			isa = PBXSourcesBuildPhase;
			buildActionMask = 2147483647;
			files = (
				98FF9BCF1D9310A0004DCDA6 /* TipCalculatorTests.swift in Sources */,
			);
			runOnlyForDeploymentPostprocessing = 0;
		};
		98FF9BD11D9310A0004DCDA6 /* Sources */ = {
			isa = PBXSourcesBuildPhase;
			buildActionMask = 2147483647;
			files = (
				98FF9BDA1D9310A0004DCDA6 /* TipCalculatorUITests.swift in Sources */,
			);
			runOnlyForDeploymentPostprocessing = 0;
		};
/* End PBXSourcesBuildPhase section */

/* Begin PBXTargetDependency section */
		98FF9BCC1D9310A0004DCDA6 /* PBXTargetDependency */ = {
			isa = PBXTargetDependency;
			target = 98FF9BB51D9310A0004DCDA6 /* TipCalculator */;
			targetProxy = 98FF9BCB1D9310A0004DCDA6 /* PBXContainerItemProxy */;
		};
		98FF9BD71D9310A0004DCDA6 /* PBXTargetDependency */ = {
			isa = PBXTargetDependency;
			target = 98FF9BB51D9310A0004DCDA6 /* TipCalculator */;
			targetProxy = 98FF9BD61D9310A0004DCDA6 /* PBXContainerItemProxy */;
		};
/* End PBXTargetDependency section */

/* Begin PBXVariantGroup section */
		98FF9BBD1D9310A0004DCDA6 /* Main.storyboard */ = {
			isa = PBXVariantGroup;
			children = (
				98FF9BBE1D9310A0004DCDA6 /* Base */,
			);
			name = Main.storyboard;
			sourceTree = "<group>";
		};
		98FF9BC21D9310A0004DCDA6 /* LaunchScreen.storyboard */ = {
			isa = PBXVariantGroup;
			children = (
				98FF9BC31D9310A0004DCDA6 /* Base */,
			);
			name = LaunchScreen.storyboard;
			sourceTree = "<group>";
		};
/* End PBXVariantGroup section */

/* Begin XCBuildConfiguration section */
		98FF9BDC1D9310A0004DCDA6 /* Debug */ = {
			isa = XCBuildConfiguration;
			buildSettings = {
				ALWAYS_SEARCH_USER_PATHS = NO;
				CLANG_CXX_LANGUAGE_STANDARD = "gnu++0x";
				CLANG_CXX_LIBRARY = "libc++";
				CLANG_ENABLE_MODULES = YES;
				CLANG_ENABLE_OBJC_ARC = YES;
				CLANG_WARN_BOOL_CONVERSION = YES;
				CLANG_WARN_CONSTANT_CONVERSION = YES;
				CLANG_WARN_DIRECT_OBJC_ISA_USAGE = YES_ERROR;
				CLANG_WARN_EMPTY_BODY = YES;
				CLANG_WARN_ENUM_CONVERSION = YES;
				CLANG_WARN_INT_CONVERSION = YES;
				CLANG_WARN_OBJC_ROOT_CLASS = YES_ERROR;
				CLANG_WARN_UNREACHABLE_CODE = YES;
				CLANG_WARN__DUPLICATE_METHOD_MATCH = YES;
				"CODE_SIGN_IDENTITY[sdk=iphoneos*]" = "iPhone Developer";
				COPY_PHASE_STRIP = NO;
				DEBUG_INFORMATION_FORMAT = dwarf;
				ENABLE_STRICT_OBJC_MSGSEND = YES;
				ENABLE_TESTABILITY = YES;
				GCC_C_LANGUAGE_STANDARD = gnu99;
				GCC_DYNAMIC_NO_PIC = NO;
				GCC_NO_COMMON_BLOCKS = YES;
				GCC_OPTIMIZATION_LEVEL = 0;
				GCC_PREPROCESSOR_DEFINITIONS = (
					"DEBUG=1",
					"$(inherited)",
				);
				GCC_WARN_64_TO_32_BIT_CONVERSION = YES;
				GCC_WARN_ABOUT_RETURN_TYPE = YES_ERROR;
				GCC_WARN_UNDECLARED_SELECTOR = YES;
				GCC_WARN_UNINITIALIZED_AUTOS = YES_AGGRESSIVE;
				GCC_WARN_UNUSED_FUNCTION = YES;
				GCC_WARN_UNUSED_VARIABLE = YES;
				IPHONEOS_DEPLOYMENT_TARGET = 9.0;
				MTL_ENABLE_DEBUG_INFO = YES;
				ONLY_ACTIVE_ARCH = YES;
				SDKROOT = iphoneos;
				SWIFT_OPTIMIZATION_LEVEL = "-Onone";
			};
			name = Debug;
		};
		98FF9BDD1D9310A0004DCDA6 /* Release */ = {
			isa = XCBuildConfiguration;
			buildSettings = {
				ALWAYS_SEARCH_USER_PATHS = NO;
				CLANG_CXX_LANGUAGE_STANDARD = "gnu++0x";
				CLANG_CXX_LIBRARY = "libc++";
				CLANG_ENABLE_MODULES = YES;
				CLANG_ENABLE_OBJC_ARC = YES;
				CLANG_WARN_BOOL_CONVERSION = YES;
				CLANG_WARN_CONSTANT_CONVERSION = YES;
				CLANG_WARN_DIRECT_OBJC_ISA_USAGE = YES_ERROR;
				CLANG_WARN_EMPTY_BODY = YES;
				CLANG_WARN_ENUM_CONVERSION = YES;
				CLANG_WARN_INT_CONVERSION = YES;
				CLANG_WARN_OBJC_ROOT_CLASS = YES_ERROR;
				CLANG_WARN_UNREACHABLE_CODE = YES;
				CLANG_WARN__DUPLICATE_METHOD_MATCH = YES;
				"CODE_SIGN_IDENTITY[sdk=iphoneos*]" = "iPhone Developer";
				COPY_PHASE_STRIP = NO;
				DEBUG_INFORMATION_FORMAT = "dwarf-with-dsym";
				ENABLE_NS_ASSERTIONS = NO;
				ENABLE_STRICT_OBJC_MSGSEND = YES;
				GCC_C_LANGUAGE_STANDARD = gnu99;
				GCC_NO_COMMON_BLOCKS = YES;
				GCC_WARN_64_TO_32_BIT_CONVERSION = YES;
				GCC_WARN_ABOUT_RETURN_TYPE = YES_ERROR;
				GCC_WARN_UNDECLARED_SELECTOR = YES;
				GCC_WARN_UNINITIALIZED_AUTOS = YES_AGGRESSIVE;
				GCC_WARN_UNUSED_FUNCTION = YES;
				GCC_WARN_UNUSED_VARIABLE = YES;
				IPHONEOS_DEPLOYMENT_TARGET = 9.0;
				MTL_ENABLE_DEBUG_INFO = NO;
				SDKROOT = iphoneos;
				VALIDATE_PRODUCT = YES;
			};
			name = Release;
		};
		98FF9BDF1D9310A0004DCDA6 /* Debug */ = {
			isa = XCBuildConfiguration;
			buildSettings = {
				ASSETCATALOG_COMPILER_APPICON_NAME = AppIcon;
				CODE_SIGN_IDENTITY = "iPhone Developer";
				"CODE_SIGN_IDENTITY[sdk=iphoneos*]" = "iPhone Developer";
				INFOPLIST_FILE = TipCalculator/Info.plist;
				LD_RUNPATH_SEARCH_PATHS = "$(inherited) @executable_path/Frameworks";
				PRODUCT_BUNDLE_IDENTIFIER = com.ruchi.example.TipCalculator;
				PRODUCT_NAME = "$(TARGET_NAME)";
				PROVISIONING_PROFILE = "";
			};
			name = Debug;
		};
		98FF9BE01D9310A0004DCDA6 /* Release */ = {
			isa = XCBuildConfiguration;
			buildSettings = {
				ASSETCATALOG_COMPILER_APPICON_NAME = AppIcon;
				CODE_SIGN_IDENTITY = "iPhone Developer";
				"CODE_SIGN_IDENTITY[sdk=iphoneos*]" = "iPhone Developer";
				INFOPLIST_FILE = TipCalculator/Info.plist;
				LD_RUNPATH_SEARCH_PATHS = "$(inherited) @executable_path/Frameworks";
				PRODUCT_BUNDLE_IDENTIFIER = com.ruchi.example.TipCalculator;
				PRODUCT_NAME = "$(TARGET_NAME)";
				PROVISIONING_PROFILE = "";
			};
			name = Release;
		};
		98FF9BE21D9310A0004DCDA6 /* Debug */ = {
			isa = XCBuildConfiguration;
			buildSettings = {
				BUNDLE_LOADER = "$(TEST_HOST)";
				INFOPLIST_FILE = TipCalculatorTests/Info.plist;
				LD_RUNPATH_SEARCH_PATHS = "$(inherited) @executable_path/Frameworks @loader_path/Frameworks";
				PRODUCT_BUNDLE_IDENTIFIER = com.example.TipCalculatorTests;
				PRODUCT_NAME = "$(TARGET_NAME)";
				TEST_HOST = "$(BUILT_PRODUCTS_DIR)/TipCalculator.app/TipCalculator";
			};
			name = Debug;
		};
		98FF9BE31D9310A0004DCDA6 /* Release */ = {
			isa = XCBuildConfiguration;
			buildSettings = {
				BUNDLE_LOADER = "$(TEST_HOST)";
				INFOPLIST_FILE = TipCalculatorTests/Info.plist;
				LD_RUNPATH_SEARCH_PATHS = "$(inherited) @executable_path/Frameworks @loader_path/Frameworks";
				PRODUCT_BUNDLE_IDENTIFIER = com.example.TipCalculatorTests;
				PRODUCT_NAME = "$(TARGET_NAME)";
				TEST_HOST = "$(BUILT_PRODUCTS_DIR)/TipCalculator.app/TipCalculator";
			};
			name = Release;
		};
		98FF9BE51D9310A0004DCDA6 /* Debug */ = {
			isa = XCBuildConfiguration;
			buildSettings = {
				INFOPLIST_FILE = TipCalculatorUITests/Info.plist;
				LD_RUNPATH_SEARCH_PATHS = "$(inherited) @executable_path/Frameworks @loader_path/Frameworks";
				PRODUCT_BUNDLE_IDENTIFIER = com.example.TipCalculatorUITests;
				PRODUCT_NAME = "$(TARGET_NAME)";
				TEST_TARGET_NAME = TipCalculator;
				USES_XCTRUNNER = YES;
			};
			name = Debug;
		};
		98FF9BE61D9310A0004DCDA6 /* Release */ = {
			isa = XCBuildConfiguration;
			buildSettings = {
				INFOPLIST_FILE = TipCalculatorUITests/Info.plist;
				LD_RUNPATH_SEARCH_PATHS = "$(inherited) @executable_path/Frameworks @loader_path/Frameworks";
				PRODUCT_BUNDLE_IDENTIFIER = com.example.TipCalculatorUITests;
				PRODUCT_NAME = "$(TARGET_NAME)";
				TEST_TARGET_NAME = TipCalculator;
				USES_XCTRUNNER = YES;
			};
			name = Release;
		};
/* End XCBuildConfiguration section */

/* Begin XCConfigurationList section */
		98FF9BB11D9310A0004DCDA6 /* Build configuration list for PBXProject "TipCalculator" */ = {
			isa = XCConfigurationList;
			buildConfigurations = (
				98FF9BDC1D9310A0004DCDA6 /* Debug */,
				98FF9BDD1D9310A0004DCDA6 /* Release */,
			);
			defaultConfigurationIsVisible = 0;
			defaultConfigurationName = Release;
		};
		98FF9BDE1D9310A0004DCDA6 /* Build configuration list for PBXNativeTarget "TipCalculator" */ = {
			isa = XCConfigurationList;
			buildConfigurations = (
				98FF9BDF1D9310A0004DCDA6 /* Debug */,
				98FF9BE01D9310A0004DCDA6 /* Release */,
			);
			defaultConfigurationIsVisible = 0;
			defaultConfigurationName = Release;
		};
		98FF9BE11D9310A0004DCDA6 /* Build configuration list for PBXNativeTarget "TipCalculatorTests" */ = {
			isa = XCConfigurationList;
			buildConfigurations = (
				98FF9BE21D9310A0004DCDA6 /* Debug */,
				98FF9BE31D9310A0004DCDA6 /* Release */,
			);
			defaultConfigurationIsVisible = 0;
			defaultConfigurationName = Release;
		};
		98FF9BE41D9310A0004DCDA6 /* Build configuration list for PBXNativeTarget "TipCalculatorUITests" */ = {
			isa = XCConfigurationList;
			buildConfigurations = (
				98FF9BE51D9310A0004DCDA6 /* Debug */,
				98FF9BE61D9310A0004DCDA6 /* Release */,
			);
			defaultConfigurationIsVisible = 0;
			defaultConfigurationName = Release;
		};
/* End XCConfigurationList section */
	};
	rootObject = 98FF9BAE1D9310A0004DCDA6 /* Project object */;
}
